
Microsoft Visual Studio Solution File, Format Version 12.00
# Visual Studio Version 17
VisualStudioVersion = 17.11.35312.102
MinimumVisualStudioVersion = 10.0.40219.1
Project("{9A19103F-16F7-4668-BE54-9A1E7A4F7556}") = "Gestion_personal", "Gestion_personal\Gestion_personal.csproj", "{1D6B8045-0B53-4F7D-AF89-57275D0EF893}"
EndProject
Project("{9A19103F-16F7-4668-BE54-9A1E7A4F7556}") = "Implementation", "Implementation\Implementation.csproj", "{021DB48B-A83F-4526-A770-383B2E6A37B8}"
EndProject
Project("{9A19103F-16F7-4668-BE54-9A1E7A4F7556}") = "Infrastructures", "Infrastructures\Infrastructures.csproj", "{3D10A501-C3F1-46D8-8A1A-6EA6DC4FF998}"
EndProject
Project("{2150E333-8FDC-42A3-9474-1A3956D46DE8}") = "UIs", "UIs", "{02EA681E-C7D8-13C7-8484-4AC65E1B71E8}"
EndProject
Project("{FAE04EC0-301F-11D3-BF4B-00C04F79EFBC}") = "GrhDz.EmployeeUI", "UIs\GrhDz.EmployeeUI\GrhDz.EmployeeUI.csproj", "{D426BBA7-A3D5-45ED-9419-085256363D19}"
EndProject
Project("{2150E333-8FDC-42A3-9474-1A3956D46DE8}") = "Domains", "Domains", "{7AD4D59E-8A7D-4EAB-A454-4AD0C81F7B1D}"
EndProject
Project("{FAE04EC0-301F-11D3-BF4B-00C04F79EFBC}") = "GrhDz.Domains", "Domains\GrhDz.Domains\GrhDz.Domains.csproj", "{1158BE53-4541-4F7A-9D1D-26DC3697ACDF}"
EndProject
Project("{2150E333-8FDC-42A3-9474-1A3956D46DE8}") = "App", "App", "{6A44E595-CF0D-4D54-A82D-823C0AA0022E}"
EndProject
Project("{FAE04EC0-301F-11D3-BF4B-00C04F79EFBC}") = "GrhDz.Apps", "GrhDz.Apps\GrhDz.Apps.csproj", "{38A28241-CEB8-4F6F-902C-E9B0BBBE0D1D}"
EndProject
Global
	GlobalSection(SolutionConfigurationPlatforms) = preSolution
		Debug|Any CPU = Debug|Any CPU
		Release|Any CPU = Release|Any CPU
	EndGlobalSection
	GlobalSection(ProjectConfigurationPlatforms) = postSolution
		{1D6B8045-0B53-4F7D-AF89-57275D0EF893}.Debug|Any CPU.ActiveCfg = Debug|Any CPU
		{1D6B8045-0B53-4F7D-AF89-57275D0EF893}.Debug|Any CPU.Build.0 = Debug|Any CPU
		{1D6B8045-0B53-4F7D-AF89-57275D0EF893}.Release|Any CPU.ActiveCfg = Release|Any CPU
		{1D6B8045-0B53-4F7D-AF89-57275D0EF893}.Release|Any CPU.Build.0 = Release|Any CPU
		{021DB48B-A83F-4526-A770-383B2E6A37B8}.Debug|Any CPU.ActiveCfg = Debug|Any CPU
		{021DB48B-A83F-4526-A770-383B2E6A37B8}.Debug|Any CPU.Build.0 = Debug|Any CPU
		{021DB48B-A83F-4526-A770-383B2E6A37B8}.Release|Any CPU.ActiveCfg = Release|Any CPU
		{021DB48B-A83F-4526-A770-383B2E6A37B8}.Release|Any CPU.Build.0 = Release|Any CPU
		{3D10A501-C3F1-46D8-8A1A-6EA6DC4FF998}.Debug|Any CPU.ActiveCfg = Debug|Any CPU
		{3D10A501-C3F1-46D8-8A1A-6EA6DC4FF998}.Debug|Any CPU.Build.0 = Debug|Any CPU
		{3D10A501-C3F1-46D8-8A1A-6EA6DC4FF998}.Release|Any CPU.ActiveCfg = Release|Any CPU
		{3D10A501-C3F1-46D8-8A1A-6EA6DC4FF998}.Release|Any CPU.Build.0 = Release|Any CPU
		{D426BBA7-A3D5-45ED-9419-085256363D19}.Debug|Any CPU.ActiveCfg = Debug|Any CPU
		{D426BBA7-A3D5-45ED-9419-085256363D19}.Debug|Any CPU.Build.0 = Debug|Any CPU
		{D426BBA7-A3D5-45ED-9419-085256363D19}.Release|Any CPU.ActiveCfg = Release|Any CPU
		{D426BBA7-A3D5-45ED-9419-085256363D19}.Release|Any CPU.Build.0 = Release|Any CPU
		{1158BE53-4541-4F7A-9D1D-26DC3697ACDF}.Debug|Any CPU.ActiveCfg = Debug|Any CPU
		{1158BE53-4541-4F7A-9D1D-26DC3697ACDF}.Debug|Any CPU.Build.0 = Debug|Any CPU
		{1158BE53-4541-4F7A-9D1D-26DC3697ACDF}.Release|Any CPU.ActiveCfg = Release|Any CPU
		{1158BE53-4541-4F7A-9D1D-26DC3697ACDF}.Release|Any CPU.Build.0 = Release|Any CPU
		{38A28241-CEB8-4F6F-902C-E9B0BBBE0D1D}.Debug|Any CPU.ActiveCfg = Debug|Any CPU
		{38A28241-CEB8-4F6F-902C-E9B0BBBE0D1D}.Debug|Any CPU.Build.0 = Debug|Any CPU
		{38A28241-CEB8-4F6F-902C-E9B0BBBE0D1D}.Release|Any CPU.ActiveCfg = Release|Any CPU
		{38A28241-CEB8-4F6F-902C-E9B0BBBE0D1D}.Release|Any CPU.Build.0 = Release|Any CPU
	EndGlobalSection
	GlobalSection(SolutionProperties) = preSolution
		HideSolutionNode = FALSE
	EndGlobalSection
	GlobalSection(NestedProjects) = preSolution
		{D426BBA7-A3D5-45ED-9419-085256363D19} = {02EA681E-C7D8-13C7-8484-4AC65E1B71E8}
		{1158BE53-4541-4F7A-9D1D-26DC3697ACDF} = {7AD4D59E-8A7D-4EAB-A454-4AD0C81F7B1D}
		{38A28241-CEB8-4F6F-902C-E9B0BBBE0D1D} = {6A44E595-CF0D-4D54-A82D-823C0AA0022E}
	EndGlobalSection
	GlobalSection(ExtensibilityGlobals) = postSolution
		SolutionGuid = {820A310E-F8E4-43FF-A65B-37C8E6B23419}
	EndGlobalSection
EndGlobal
